
Microsoft Visual Studio Solution File, Format Version 12.00
# Visual Studio Version 17
VisualStudioVersion = 17.8.34408.163
MinimumVisualStudioVersion = 10.0.40219.1
Project("{FAE04EC0-301F-11D3-BF4B-00C04F79EFBC}") = "Inheritance", "Inheritance\Inheritance.csproj", "{35084080-2DCE-40E6-89B2-92A403A7590B}"
EndProject
Global
	GlobalSection(SolutionConfigurationPlatforms) = preSolution
		Debug|Any CPU = Debug|Any CPU
		Release|Any CPU = Release|Any CPU
	EndGlobalSection
	GlobalSection(ProjectConfigurationPlatforms) = postSolution
		{35084080-2DCE-40E6-89B2-92A403A7590B}.Debug|Any CPU.ActiveCfg = Debug|Any CPU
		{35084080-2DCE-40E6-89B2-92A403A7590B}.Debug|Any CPU.Build.0 = Debug|Any CPU
		{35084080-2DCE-40E6-89B2-92A403A7590B}.Release|Any CPU.ActiveCfg = Release|Any CPU
		{35084080-2DCE-40E6-89B2-92A403A7590B}.Release|Any CPU.Build.0 = Release|Any CPU
	EndGlobalSection
	GlobalSection(SolutionProperties) = preSolution
		HideSolutionNode = FALSE
	EndGlobalSection
	GlobalSection(ExtensibilityGlobals) = postSolution
		SolutionGuid = {F9A76B58-FDBC-48D4-AA0E-192BC2DCD547}
	EndGlobalSection
EndGlobal
